
Microsoft Visual Studio Solution File, Format Version 12.00
# Visual Studio 14
VisualStudioVersion = 14.0.24720.0
MinimumVisualStudioVersion = 10.0.40219.1
Project("{2150E333-8FDC-42A3-9474-1A3956D46DE8}") = "src", "src", "{202EBC0E-454E-4D4A-818B-B7BCC89D4620}"
EndProject
Project("{2150E333-8FDC-42A3-9474-1A3956D46DE8}") = "Solution Items", "Solution Items", "{EDC4C531-4EFE-4D38-B945-C3C77FA1BAE9}"
	ProjectSection(SolutionItems) = preProject
		global.json = global.json
	EndProjectSection
EndProject
Project("{8BB2217D-0F2D-49D1-97BC-3654ED321F3B}") = "CouronneAPI", "src\CouronneAPI\CouronneAPI.xproj", "{CB28FF2A-9D42-441E-99EB-B74EB0937C25}"
EndProject
Project("{8BB2217D-0F2D-49D1-97BC-3654ED321F3B}") = "DataAccess", "src\DataAccess\DataAccess.xproj", "{03C4F6B9-77D9-4603-9CDE-27D4AA7A8F78}"
EndProject
Global
	GlobalSection(SolutionConfigurationPlatforms) = preSolution
		Debug|Any CPU = Debug|Any CPU
		Release|Any CPU = Release|Any CPU
	EndGlobalSection
	GlobalSection(ProjectConfigurationPlatforms) = postSolution
		{CB28FF2A-9D42-441E-99EB-B74EB0937C25}.Debug|Any CPU.ActiveCfg = Debug|Any CPU
		{CB28FF2A-9D42-441E-99EB-B74EB0937C25}.Debug|Any CPU.Build.0 = Debug|Any CPU
		{CB28FF2A-9D42-441E-99EB-B74EB0937C25}.Release|Any CPU.ActiveCfg = Release|Any CPU
		{CB28FF2A-9D42-441E-99EB-B74EB0937C25}.Release|Any CPU.Build.0 = Release|Any CPU
		{03C4F6B9-77D9-4603-9CDE-27D4AA7A8F78}.Debug|Any CPU.ActiveCfg = Debug|Any CPU
		{03C4F6B9-77D9-4603-9CDE-27D4AA7A8F78}.Debug|Any CPU.Build.0 = Debug|Any CPU
		{03C4F6B9-77D9-4603-9CDE-27D4AA7A8F78}.Release|Any CPU.ActiveCfg = Release|Any CPU
		{03C4F6B9-77D9-4603-9CDE-27D4AA7A8F78}.Release|Any CPU.Build.0 = Release|Any CPU
	EndGlobalSection
	GlobalSection(SolutionProperties) = preSolution
		HideSolutionNode = FALSE
	EndGlobalSection
	GlobalSection(NestedProjects) = preSolution
		{CB28FF2A-9D42-441E-99EB-B74EB0937C25} = {202EBC0E-454E-4D4A-818B-B7BCC89D4620}
		{03C4F6B9-77D9-4603-9CDE-27D4AA7A8F78} = {202EBC0E-454E-4D4A-818B-B7BCC89D4620}
	EndGlobalSection
EndGlobal
